
Microsoft Visual Studio Solution File, Format Version 12.00
# Visual Studio 15
VisualStudioVersion = 15.0.27703.2042
MinimumVisualStudioVersion = 10.0.40219.1
Project("{FAE04EC0-301F-11D3-BF4B-00C04F79EFBC}") = "Grupo1", "Grupo1\Grupo1.csproj", "{71ACAE14-5942-419D-9D01-865190443591}"
EndProject
Global
	GlobalSection(SolutionConfigurationPlatforms) = preSolution
		Debug|Any CPU = Debug|Any CPU
		Release|Any CPU = Release|Any CPU
	EndGlobalSection
	GlobalSection(ProjectConfigurationPlatforms) = postSolution
		{71ACAE14-5942-419D-9D01-865190443591}.Debug|Any CPU.ActiveCfg = Debug|Any CPU
		{71ACAE14-5942-419D-9D01-865190443591}.Debug|Any CPU.Build.0 = Debug|Any CPU
		{71ACAE14-5942-419D-9D01-865190443591}.Release|Any CPU.ActiveCfg = Release|Any CPU
		{71ACAE14-5942-419D-9D01-865190443591}.Release|Any CPU.Build.0 = Release|Any CPU
	EndGlobalSection
	GlobalSection(SolutionProperties) = preSolution
		HideSolutionNode = FALSE
	EndGlobalSection
	GlobalSection(ExtensibilityGlobals) = postSolution
		SolutionGuid = {FCDD730A-9314-4C66-860A-8FB075EE426A}
	EndGlobalSection
EndGlobal
